{
    "a2lix/auto-form-bundle": {
        "version": "0.3"
    },
    "a2lix/translation-form-bundle": {
        "version": "3.0.6"
    },
    "composer/semver": {
        "version": "1.5.0"
    },
    "composer/xdebug-handler": {
        "version": "1.4.0"
    },
    "easycorp/easy-log-handler": {
        "version": "1.0",
        "recipe": {
            "repo": "github.com/symfony/recipes",
            "branch": "master",
            "version": "1.0",
            "ref": "70062abc2cd58794d2a90274502f81b55cd9951b"
        },
        "files": [
            "config/packages/dev/easy_log_handler.yaml"
        ]
    },
    "egulias/email-validator": {
        "version": "2.1.11"
    },
    "friendsofphp/php-cs-fixer": {
        "version": "2.2",
        "recipe": {
            "repo": "github.com/symfony/recipes",
            "branch": "master",
            "version": "2.2",
            "ref": "cc05ab6abf6894bddb9bbd6a252459010ebe040b"
        },
        "files": [
            ".php_cs.dist"
        ]
    },
    "knplabs/doctrine-behaviors": {
        "version": "1.6.0"
    },
    "nette/finder": {
        "version": "v2.5.1"
    },
    "nette/utils": {
        "version": "v3.0.2"
    },
    "php": {
        "version": "7.3"
    },
    "php-cs-fixer/diff": {
        "version": "v1.3.0"
    },
    "phpdocumentor/reflection-common": {
        "version": "2.0.0"
    },
    "phpdocumentor/reflection-docblock": {
        "version": "4.3.2"
    },
    "phpdocumentor/type-resolver": {
        "version": "1.0.1"
    },
    "psr/link": {
        "version": "1.0.0"
    },
    "ramsey/uuid": {
        "version": "3.9.3"
    },
    "symfony/browser-kit": {
        "version": "v5.0.1"
    },
    "symfony/css-selector": {
        "version": "v5.0.1"
    },
    "symfony/debug-bundle": {
        "version": "4.1",
        "recipe": {
            "repo": "github.com/symfony/recipes",
            "branch": "master",
            "version": "4.1",
            "ref": "f8863cbad2f2e58c4b65fa1eac892ab189971bea"
        },
        "files": [
            "config/packages/dev/debug.yaml"
        ]
    },
    "symfony/debug-pack": {
        "version": "v1.0.7"
    },
    "symfony/dom-crawler": {
        "version": "v5.0.1"
    },
    "symfony/expression-language": {
        "version": "v5.0.1"
    },
    "symfony/http-client": {
        "version": "v5.0.1"
    },
    "symfony/http-client-contracts": {
        "version": "v2.0.1"
    },
    "symfony/mailer": {
        "version": "4.3",
        "recipe": {
            "repo": "github.com/symfony/recipes",
            "branch": "master",
            "version": "4.3",
            "ref": "15658c2a0176cda2e7dba66276a2030b52bd81b2"
        },
        "files": [
            "config/packages/mailer.yaml"
        ]
    },
    "symfony/notifier": {
        "version": "5.0",
        "recipe": {
            "repo": "github.com/symfony/recipes",
            "branch": "master",
            "version": "5.0",
            "ref": "c31585e252b32fe0e1f30b1f256af553f4a06eb9"
        },
        "files": [
            "config/packages/notifier.yaml"
        ]
    },
    "symfony/phpunit-bridge": {
        "version": "4.3",
        "recipe": {
            "repo": "github.com/symfony/recipes",
            "branch": "master",
            "version": "4.3",
            "ref": "b0582341f1df39aaf3a9a866cdbe49937da35984"
        },
        "files": [
            ".env.test",
            "bin/phpunit",
            "config/bootstrap.php",
            "phpunit.xml.dist",
            "tests/.gitignore"
        ]
    },
    "symfony/polyfill-intl-grapheme": {
        "version": "v1.13.1"
    },
    "symfony/polyfill-intl-normalizer": {
        "version": "v1.13.1"
    },
    "symfony/property-info": {
        "version": "v5.0.1"
    },
    "symfony/serializer": {
        "version": "v5.0.1"
    },
    "symfony/serializer-pack": {
        "version": "v1.0.2"
    },
    "symfony/string": {
        "version": "v5.0.1"
    },
    "symfony/test-pack": {
        "version": "v1.0.6"
    },
    "symfony/web-link": {
        "version": "v5.0.1"
    },
    "symfony/webpack-encore-bundle": {
        "version": "1.6",
        "recipe": {
            "repo": "github.com/symfony/recipes",
            "branch": "master",
            "version": "1.6",
            "ref": "69e1d805ad95964088bd510c05995e87dc391564"
        },
        "files": [
            "assets/css/app.css",
            "assets/js/app.js",
            "config/packages/assets.yaml",
            "config/packages/prod/webpack_encore.yaml",
            "config/packages/test/webpack_encore.yaml",
            "config/packages/webpack_encore.yaml",
            "package.json",
            "webpack.config.js"
        ]
    },
    "symplify/package-builder": {
        "version": "v7.1.0"
    },
    "webmozart/assert": {
        "version": "1.6.0"
    }
}
